{
  "requires": true,
  "lockfileVersion": 1,
  "dependencies": {
    "@opuscapita/oc-cm-common-styles": {
      "version": "3.0.0",
      "resolved": "https://registry.npmjs.org/@opuscapita/oc-cm-common-styles/-/oc-cm-common-styles-3.0.0.tgz",
      "integrity": "sha512-wj1uPZbLj9hq7IzXlMM/QGAYk7pOiiPfCb81FDPmbyn08K3pEA2/LHgIYjEl8m4rYU5TsRJ7PGgppViUi1/vqw==",
      "requires": {
        "bootstrap-sass": "3.3.7"
      }
    },
    "@opuscapita/react-cards": {
      "version": "2.0.2",
      "resolved": "https://registry.npmjs.org/@opuscapita/react-cards/-/react-cards-2.0.2.tgz",
      "integrity": "sha512-23JCFf2RCCdOC/XFNxVLLn27lLz84cFtx/pElRfFhXBIeBIr60OIZlSRz5Spio3z1/Ff04eTZiAwW1ZackwuPg==",
      "requires": {
        "@opuscapita/oc-cm-common-styles": "3.0.0",
        "@opuscapita/react-icons": "3.0.3",
        "@opuscapita/react-perfect-scrollbar": "3.0.4"
      }
    },
    "@opuscapita/react-icons": {
      "version": "3.0.3",
      "resolved": "https://registry.npmjs.org/@opuscapita/react-icons/-/react-icons-3.0.3.tgz",
      "integrity": "sha512-L+qFxFB6AR6abXivt13YDVBDPHRLBc5Z+ZrcDivCVerLs7wLfUGSPzw9Su/VRPLf5xPzoT8A00zmj05MhaHbbQ=="
    },
    "@opuscapita/react-perfect-scrollbar": {
      "version": "3.0.4",
      "resolved": "https://registry.npmjs.org/@opuscapita/react-perfect-scrollbar/-/react-perfect-scrollbar-3.0.4.tgz",
      "integrity": "sha512-VcqhvtyfRqKkAVqhLH50TtnocgNgWt/R0EtBYJtTXSnAILXBpXqD7Fo/U0nfATtjKxUI1EwtilHARACkODgajg==",
      "requires": {
        "classlist-polyfill": "1.2.0",
        "perfect-scrollbar": "1.4.0"
      }
    },
    "bootstrap-sass": {
      "version": "3.3.7",
      "resolved": "https://registry.npmjs.org/bootstrap-sass/-/bootstrap-sass-3.3.7.tgz",
      "integrity": "sha1-ZZbHq0D2Y3OTMjqwvIDQZPxjBJg="
    },
    "classlist-polyfill": {
      "version": "1.2.0",
      "resolved": "https://registry.npmjs.org/classlist-polyfill/-/classlist-polyfill-1.2.0.tgz",
      "integrity": "sha1-k1vC39lFiodrJ5YXUUY4vKqWSi4="
    },
    "i": {
      "version": "0.3.6",
      "resolved": "https://registry.npmjs.org/i/-/i-0.3.6.tgz",
      "integrity": "sha1-2WyScyB28HJxG2sQ/X1PZa2O4j0="
    },
    "perfect-scrollbar": {
      "version": "1.4.0",
      "resolved": "https://registry.npmjs.org/perfect-scrollbar/-/perfect-scrollbar-1.4.0.tgz",
      "integrity": "sha512-/2Sk/khljhdrsamjJYS5NjrH+GKEHEwh7zFSiYyxROyYKagkE4kSn2zDQDRTOMo8mpT2jikxx6yI1dG7lNP/hw=="
    },
    "react-image-resizer": {
      "version": "1.3.0",
      "resolved": "https://registry.npmjs.org/react-image-resizer/-/react-image-resizer-1.3.0.tgz",
      "integrity": "sha512-JZwNWumImYwPNeaf+MV5wEtUvyPK8crjLYo7AVf3/3LQ92oPwi/Clxmg76f14EQm73cbwxKgXTlJbFOSRGQGtA=="
    }
  }
}
